
Microsoft Visual Studio Solution File, Format Version 12.00
# Visual Studio Version 17
VisualStudioVersion = 17.14.36915.13
MinimumVisualStudioVersion = 10.0.40219.1
Project("{2150E333-8FDC-42A3-9474-1A3956D46DE8}") = "Engine", "Engine", "{02EA681E-C7D8-13C7-8484-4AC65E1B71E8}"
EndProject
Project("{8BC9CEB8-8B4A-11D0-8D11-00A0C91BC942}") = "SPEngine", "Engine\SPEngine\SPEngine.vcxproj", "{08969252-384B-4207-86A9-43BC65538710}"
EndProject
Project("{2150E333-8FDC-42A3-9474-1A3956D46DE8}") = "Framework", "Framework", "{4D602783-8314-441F-BFD0-7AECF5D18C14}"
EndProject
Project("{8BC9CEB8-8B4A-11D0-8D11-00A0C91BC942}") = "Core", "Framework\Core\Core.vcxproj", "{C3450D8B-01F7-445B-B892-D47286C60C6B}"
EndProject
Project("{2150E333-8FDC-42A3-9474-1A3956D46DE8}") = "VGP242", "VGP242", "{C81F10A9-69AF-4974-BFED-89278A3EC576}"
EndProject
Project("{8BC9CEB8-8B4A-11D0-8D11-00A0C91BC942}") = "01_HelloWindow", "VGP242\01_HelloWindow\01_HelloWindow.vcxproj", "{DE81BB76-80FD-4EF5-9A18-0FFE34588475}"
EndProject
Project("{8BC9CEB8-8B4A-11D0-8D11-00A0C91BC942}") = "Input", "Framework\Input\Input.vcxproj", "{3629F01A-6FED-42EB-B308-E9F7F1346EAF}"
EndProject
Project("{8BC9CEB8-8B4A-11D0-8D11-00A0C91BC942}") = "Graphics", "Framework\Graphics\Graphics.vcxproj", "{7F6C8F43-3A29-4940-BC34-C8F4C2100B24}"
EndProject
Project("{2150E333-8FDC-42A3-9474-1A3956D46DE8}") = "External", "External", "{F8F6A494-6484-41E0-A3DA-8B389ED69C6B}"
EndProject
Project("{8BC9CEB8-8B4A-11D0-8D11-00A0C91BC942}") = "DirectXTK_Desktop_2022", "External\DirectXTK\DirectXTK_Desktop_2022.vcxproj", "{E0B52AE7-E160-4D32-BF3F-910B785E5A8E}"
EndProject
Project("{8BC9CEB8-8B4A-11D0-8D11-00A0C91BC942}") = "Math", "Framework\Math\Math.vcxproj", "{56290700-537E-410C-8895-F48A8B26B900}"
EndProject
Project("{8BC9CEB8-8B4A-11D0-8D11-00A0C91BC942}") = "02_HelloShapes", "VGP242\02_HelloShapes\02_HelloShapes.vcxproj", "{7AA6D4C1-FFBA-4FF6-9235-10D2305F4BB9}"
EndProject
Project("{2150E333-8FDC-42A3-9474-1A3956D46DE8}") = "Assets", "Assets", "{4A8F47DC-DC4D-480F-9F50-263FAB348BAA}"
EndProject
Project("{2150E333-8FDC-42A3-9474-1A3956D46DE8}") = "Shaders", "Shaders", "{81FC9873-D4C2-4858-B392-A6F2F7A750CD}"
	ProjectSection(SolutionItems) = preProject
		Assets\Shaders\DoColor.fx = Assets\Shaders\DoColor.fx
		Assets\Shaders\DoSomething.fx = Assets\Shaders\DoSomething.fx
	EndProjectSection
EndProject
Project("{8BC9CEB8-8B4A-11D0-8D11-00A0C91BC942}") = "03_HelloCube", "VGP242\03_HelloCube\03_HelloCube.vcxproj", "{4076ED4A-414C-4A7C-847B-5D8371B8A2EB}"
EndProject
Global
	GlobalSection(SolutionConfigurationPlatforms) = preSolution
		Debug|x64 = Debug|x64
		Debug|x86 = Debug|x86
		Release|x64 = Release|x64
		Release|x86 = Release|x86
	EndGlobalSection
	GlobalSection(ProjectConfigurationPlatforms) = postSolution
		{08969252-384B-4207-86A9-43BC65538710}.Debug|x64.ActiveCfg = Debug|x64
		{08969252-384B-4207-86A9-43BC65538710}.Debug|x64.Build.0 = Debug|x64
		{08969252-384B-4207-86A9-43BC65538710}.Debug|x86.ActiveCfg = Debug|Win32
		{08969252-384B-4207-86A9-43BC65538710}.Debug|x86.Build.0 = Debug|Win32
		{08969252-384B-4207-86A9-43BC65538710}.Release|x64.ActiveCfg = Release|x64
		{08969252-384B-4207-86A9-43BC65538710}.Release|x64.Build.0 = Release|x64
		{08969252-384B-4207-86A9-43BC65538710}.Release|x86.ActiveCfg = Release|Win32
		{08969252-384B-4207-86A9-43BC65538710}.Release|x86.Build.0 = Release|Win32
		{C3450D8B-01F7-445B-B892-D47286C60C6B}.Debug|x64.ActiveCfg = Debug|x64
		{C3450D8B-01F7-445B-B892-D47286C60C6B}.Debug|x64.Build.0 = Debug|x64
		{C3450D8B-01F7-445B-B892-D47286C60C6B}.Debug|x86.ActiveCfg = Debug|Win32
		{C3450D8B-01F7-445B-B892-D47286C60C6B}.Debug|x86.Build.0 = Debug|Win32
		{C3450D8B-01F7-445B-B892-D47286C60C6B}.Release|x64.ActiveCfg = Release|x64
		{C3450D8B-01F7-445B-B892-D47286C60C6B}.Release|x64.Build.0 = Release|x64
		{C3450D8B-01F7-445B-B892-D47286C60C6B}.Release|x86.ActiveCfg = Release|Win32
		{C3450D8B-01F7-445B-B892-D47286C60C6B}.Release|x86.Build.0 = Release|Win32
		{DE81BB76-80FD-4EF5-9A18-0FFE34588475}.Debug|x64.ActiveCfg = Debug|x64
		{DE81BB76-80FD-4EF5-9A18-0FFE34588475}.Debug|x64.Build.0 = Debug|x64
		{DE81BB76-80FD-4EF5-9A18-0FFE34588475}.Debug|x86.ActiveCfg = Debug|Win32
		{DE81BB76-80FD-4EF5-9A18-0FFE34588475}.Debug|x86.Build.0 = Debug|Win32
		{DE81BB76-80FD-4EF5-9A18-0FFE34588475}.Release|x64.ActiveCfg = Release|x64
		{DE81BB76-80FD-4EF5-9A18-0FFE34588475}.Release|x64.Build.0 = Release|x64
		{DE81BB76-80FD-4EF5-9A18-0FFE34588475}.Release|x86.ActiveCfg = Release|Win32
		{DE81BB76-80FD-4EF5-9A18-0FFE34588475}.Release|x86.Build.0 = Release|Win32
		{3629F01A-6FED-42EB-B308-E9F7F1346EAF}.Debug|x64.ActiveCfg = Debug|x64
		{3629F01A-6FED-42EB-B308-E9F7F1346EAF}.Debug|x64.Build.0 = Debug|x64
		{3629F01A-6FED-42EB-B308-E9F7F1346EAF}.Debug|x86.ActiveCfg = Debug|Win32
		{3629F01A-6FED-42EB-B308-E9F7F1346EAF}.Debug|x86.Build.0 = Debug|Win32
		{3629F01A-6FED-42EB-B308-E9F7F1346EAF}.Release|x64.ActiveCfg = Release|x64
		{3629F01A-6FED-42EB-B308-E9F7F1346EAF}.Release|x64.Build.0 = Release|x64
		{3629F01A-6FED-42EB-B308-E9F7F1346EAF}.Release|x86.ActiveCfg = Release|Win32
		{3629F01A-6FED-42EB-B308-E9F7F1346EAF}.Release|x86.Build.0 = Release|Win32
		{7F6C8F43-3A29-4940-BC34-C8F4C2100B24}.Debug|x64.ActiveCfg = Debug|x64
		{7F6C8F43-3A29-4940-BC34-C8F4C2100B24}.Debug|x64.Build.0 = Debug|x64
		{7F6C8F43-3A29-4940-BC34-C8F4C2100B24}.Debug|x86.ActiveCfg = Debug|Win32
		{7F6C8F43-3A29-4940-BC34-C8F4C2100B24}.Debug|x86.Build.0 = Debug|Win32
		{7F6C8F43-3A29-4940-BC34-C8F4C2100B24}.Release|x64.ActiveCfg = Release|x64
		{7F6C8F43-3A29-4940-BC34-C8F4C2100B24}.Release|x64.Build.0 = Release|x64
		{7F6C8F43-3A29-4940-BC34-C8F4C2100B24}.Release|x86.ActiveCfg = Release|Win32
		{7F6C8F43-3A29-4940-BC34-C8F4C2100B24}.Release|x86.Build.0 = Release|Win32
		{E0B52AE7-E160-4D32-BF3F-910B785E5A8E}.Debug|x64.ActiveCfg = Debug|x64
		{E0B52AE7-E160-4D32-BF3F-910B785E5A8E}.Debug|x64.Build.0 = Debug|x64
		{E0B52AE7-E160-4D32-BF3F-910B785E5A8E}.Debug|x86.ActiveCfg = Debug|Win32
		{E0B52AE7-E160-4D32-BF3F-910B785E5A8E}.Debug|x86.Build.0 = Debug|Win32
		{E0B52AE7-E160-4D32-BF3F-910B785E5A8E}.Release|x64.ActiveCfg = Release|x64
		{E0B52AE7-E160-4D32-BF3F-910B785E5A8E}.Release|x64.Build.0 = Release|x64
		{E0B52AE7-E160-4D32-BF3F-910B785E5A8E}.Release|x86.ActiveCfg = Release|Win32
		{E0B52AE7-E160-4D32-BF3F-910B785E5A8E}.Release|x86.Build.0 = Release|Win32
		{56290700-537E-410C-8895-F48A8B26B900}.Debug|x64.ActiveCfg = Debug|x64
		{56290700-537E-410C-8895-F48A8B26B900}.Debug|x64.Build.0 = Debug|x64
		{56290700-537E-410C-8895-F48A8B26B900}.Debug|x86.ActiveCfg = Debug|Win32
		{56290700-537E-410C-8895-F48A8B26B900}.Debug|x86.Build.0 = Debug|Win32
		{56290700-537E-410C-8895-F48A8B26B900}.Release|x64.ActiveCfg = Release|x64
		{56290700-537E-410C-8895-F48A8B26B900}.Release|x64.Build.0 = Release|x64
		{56290700-537E-410C-8895-F48A8B26B900}.Release|x86.ActiveCfg = Release|Win32
		{56290700-537E-410C-8895-F48A8B26B900}.Release|x86.Build.0 = Release|Win32
		{7AA6D4C1-FFBA-4FF6-9235-10D2305F4BB9}.Debug|x64.ActiveCfg = Debug|x64
		{7AA6D4C1-FFBA-4FF6-9235-10D2305F4BB9}.Debug|x64.Build.0 = Debug|x64
		{7AA6D4C1-FFBA-4FF6-9235-10D2305F4BB9}.Debug|x86.ActiveCfg = Debug|Win32
		{7AA6D4C1-FFBA-4FF6-9235-10D2305F4BB9}.Debug|x86.Build.0 = Debug|Win32
		{7AA6D4C1-FFBA-4FF6-9235-10D2305F4BB9}.Release|x64.ActiveCfg = Release|x64
		{7AA6D4C1-FFBA-4FF6-9235-10D2305F4BB9}.Release|x64.Build.0 = Release|x64
		{7AA6D4C1-FFBA-4FF6-9235-10D2305F4BB9}.Release|x86.ActiveCfg = Release|Win32
		{7AA6D4C1-FFBA-4FF6-9235-10D2305F4BB9}.Release|x86.Build.0 = Release|Win32
		{4076ED4A-414C-4A7C-847B-5D8371B8A2EB}.Debug|x64.ActiveCfg = Debug|x64
		{4076ED4A-414C-4A7C-847B-5D8371B8A2EB}.Debug|x64.Build.0 = Debug|x64
		{4076ED4A-414C-4A7C-847B-5D8371B8A2EB}.Debug|x86.ActiveCfg = Debug|Win32
		{4076ED4A-414C-4A7C-847B-5D8371B8A2EB}.Debug|x86.Build.0 = Debug|Win32
		{4076ED4A-414C-4A7C-847B-5D8371B8A2EB}.Release|x64.ActiveCfg = Release|x64
		{4076ED4A-414C-4A7C-847B-5D8371B8A2EB}.Release|x64.Build.0 = Release|x64
		{4076ED4A-414C-4A7C-847B-5D8371B8A2EB}.Release|x86.ActiveCfg = Release|Win32
		{4076ED4A-414C-4A7C-847B-5D8371B8A2EB}.Release|x86.Build.0 = Release|Win32
	EndGlobalSection
	GlobalSection(SolutionProperties) = preSolution
		HideSolutionNode = FALSE
	EndGlobalSection
	GlobalSection(NestedProjects) = preSolution
		{08969252-384B-4207-86A9-43BC65538710} = {02EA681E-C7D8-13C7-8484-4AC65E1B71E8}
		{C3450D8B-01F7-445B-B892-D47286C60C6B} = {4D602783-8314-441F-BFD0-7AECF5D18C14}
		{DE81BB76-80FD-4EF5-9A18-0FFE34588475} = {C81F10A9-69AF-4974-BFED-89278A3EC576}
		{3629F01A-6FED-42EB-B308-E9F7F1346EAF} = {4D602783-8314-441F-BFD0-7AECF5D18C14}
		{7F6C8F43-3A29-4940-BC34-C8F4C2100B24} = {4D602783-8314-441F-BFD0-7AECF5D18C14}
		{E0B52AE7-E160-4D32-BF3F-910B785E5A8E} = {F8F6A494-6484-41E0-A3DA-8B389ED69C6B}
		{56290700-537E-410C-8895-F48A8B26B900} = {4D602783-8314-441F-BFD0-7AECF5D18C14}
		{7AA6D4C1-FFBA-4FF6-9235-10D2305F4BB9} = {C81F10A9-69AF-4974-BFED-89278A3EC576}
		{81FC9873-D4C2-4858-B392-A6F2F7A750CD} = {4A8F47DC-DC4D-480F-9F50-263FAB348BAA}
		{4076ED4A-414C-4A7C-847B-5D8371B8A2EB} = {C81F10A9-69AF-4974-BFED-89278A3EC576}
	EndGlobalSection
	GlobalSection(ExtensibilityGlobals) = postSolution
		SolutionGuid = {247E1DF8-C79A-485D-88AB-56D62C0DC66C}
	EndGlobalSection
EndGlobal
